
Microsoft Visual Studio Solution File, Format Version 12.00
# Visual Studio 2012
Project("{F184B08F-C81C-45F6-A57F-5ABD9991F28F}") = "fotmStopwatch", "fotmStopwatch.vbproj", "{95105B3F-64A3-42D9-92D7-03473330B06D}"
EndProject
Global
	GlobalSection(SolutionConfigurationPlatforms) = preSolution
		Debug|Any CPU = Debug|Any CPU
		Release|Any CPU = Release|Any CPU
	EndGlobalSection
	GlobalSection(ProjectConfigurationPlatforms) = postSolution
		{95105B3F-64A3-42D9-92D7-03473330B06D}.Debug|Any CPU.ActiveCfg = Debug|Any CPU
		{95105B3F-64A3-42D9-92D7-03473330B06D}.Debug|Any CPU.Build.0 = Debug|Any CPU
		{95105B3F-64A3-42D9-92D7-03473330B06D}.Release|Any CPU.ActiveCfg = Release|Any CPU
		{95105B3F-64A3-42D9-92D7-03473330B06D}.Release|Any CPU.Build.0 = Release|Any CPU
	EndGlobalSection
	GlobalSection(SolutionProperties) = preSolution
		HideSolutionNode = FALSE
	EndGlobalSection
EndGlobal
